Microsoft Visual Studio Solution File, Format Version 12.00
# Visual Studio Version 17
VisualStudioVersion = 17.5.2.0
MinimumVisualStudioVersion = 10.0.40219.1
Project("{FAE04EC0-301F-11D3-BF4B-00C04F79EFBC}") = "HRMS-Backend", "HRMS-Backend.csproj", "{627B985A-0823-E6DB-4ED7-7F99AD4D2470}"
EndProject
Global
	GlobalSection(SolutionConfigurationPlatforms) = preSolution
		Debug|Any CPU = Debug|Any CPU
		Release|Any CPU = Release|Any CPU
	EndGlobalSection
	GlobalSection(ProjectConfigurationPlatforms) = postSolution
		{627B985A-0823-E6DB-4ED7-7F99AD4D2470}.Debug|Any CPU.ActiveCfg = Debug|Any CPU
		{627B985A-0823-E6DB-4ED7-7F99AD4D2470}.Debug|Any CPU.Build.0 = Debug|Any CPU
		{627B985A-0823-E6DB-4ED7-7F99AD4D2470}.Release|Any CPU.ActiveCfg = Release|Any CPU
		{627B985A-0823-E6DB-4ED7-7F99AD4D2470}.Release|Any CPU.Build.0 = Release|Any CPU
	EndGlobalSection
	GlobalSection(SolutionProperties) = preSolution
		HideSolutionNode = FALSE
	EndGlobalSection
	GlobalSection(ExtensibilityGlobals) = postSolution
		SolutionGuid = {6ED7972C-B0D3-4E4D-AF1E-C6341281C18D}
	EndGlobalSection
EndGlobal
